// !$*UTF8*$!
{
	archiveVersion = 1;
	classes = {
	};
	objectVersion = 56;
	objects = {

/* Begin PBXBuildFile section */
		71A658F72BC11F6E00583D62 /* Then in Frameworks */ = {isa = PBXBuildFile; productRef = 71A658F62BC11F6E00583D62 /* Then */; };
		71A658FA2BC12F4F00583D62 /* SnapKit in Frameworks */ = {isa = PBXBuildFile; productRef = 71A658F92BC12F4F00583D62 /* SnapKit */; };
		71A658FC2BC12F4F00583D62 /* SnapKit-Dynamic in Frameworks */ = {isa = PBXBuildFile; productRef = 71A658FB2BC12F4F00583D62 /* SnapKit-Dynamic */; };
		71A658FE2BC1324800583D62 /* GridViewController.swift in Sources */ = {isa = PBXBuildFile; fileRef = 71A658FD2BC1324800583D62 /* GridViewController.swift */; };
		71A659012BC13EAB00583D62 /* ViewFactory.swift in Sources */ = {isa = PBXBuildFile; fileRef = 71A659002BC13EAB00583D62 /* ViewFactory.swift */; };
		71ED40132BBF2AC20099B958 /* FontLiterals.swift in Sources */ = {isa = PBXBuildFile; fileRef = 71ED40122BBF2AC20099B958 /* FontLiterals.swift */; };
		71ED40182BBF2C4B0099B958 /* Pretendard-Regular.otf in Resources */ = {isa = PBXBuildFile; fileRef = 71ED40152BBF2C4B0099B958 /* Pretendard-Regular.otf */; };
		71ED40192BBF2C4B0099B958 /* Pretendard-ExtraBold.otf in Resources */ = {isa = PBXBuildFile; fileRef = 71ED40162BBF2C4B0099B958 /* Pretendard-ExtraBold.otf */; };
		71ED401A2BBF2C4B0099B958 /* Pretendard-SemiBold.otf in Resources */ = {isa = PBXBuildFile; fileRef = 71ED40172BBF2C4B0099B958 /* Pretendard-SemiBold.otf */; };
		71F12C512BB8024000459B44 /* AppDelegate.swift in Sources */ = {isa = PBXBuildFile; fileRef = 71F12C502BB8024000459B44 /* AppDelegate.swift */; };
		71F12C532BB8024000459B44 /* SceneDelegate.swift in Sources */ = {isa = PBXBuildFile; fileRef = 71F12C522BB8024000459B44 /* SceneDelegate.swift */; };
		71F12C552BB8024000459B44 /* ViewController.swift in Sources */ = {isa = PBXBuildFile; fileRef = 71F12C542BB8024000459B44 /* ViewController.swift */; };
		71F12C5A2BB8024100459B44 /* Assets.xcassets in Resources */ = {isa = PBXBuildFile; fileRef = 71F12C592BB8024100459B44 /* Assets.xcassets */; };
		71F12C5D2BB8024100459B44 /* LaunchScreen.storyboard in Resources */ = {isa = PBXBuildFile; fileRef = 71F12C5B2BB8024100459B44 /* LaunchScreen.storyboard */; };
		71F12C662BB8E66500459B44 /* LoginViewController.swift in Sources */ = {isa = PBXBuildFile; fileRef = 71F12C652BB8E66500459B44 /* LoginViewController.swift */; };
		71F12C682BB8E68700459B44 /* WelcomeViewController.swift in Sources */ = {isa = PBXBuildFile; fileRef = 71F12C672BB8E68700459B44 /* WelcomeViewController.swift */; };
		71F12C6A2BB9797400459B44 /* UIColor+.swift in Sources */ = {isa = PBXBuildFile; fileRef = 71F12C692BB9797400459B44 /* UIColor+.swift */; };
		71F12C6E2BB9846500459B44 /* Pretendard-Bold.otf in Resources */ = {isa = PBXBuildFile; fileRef = 71F12C6D2BB9846400459B44 /* Pretendard-Bold.otf */; };
		71F12C712BBD580B00459B44 /* UIView+.swift in Sources */ = {isa = PBXBuildFile; fileRef = 71F12C702BBD580B00459B44 /* UIView+.swift */; };
/* End PBXBuildFile section */

/* Begin PBXFileReference section */
		71A658FD2BC1324800583D62 /* GridViewController.swift */ = {isa = PBXFileReference; lastKnownFileType = sourcecode.swift; path = GridViewController.swift; sourceTree = "<group>"; };
		71A659002BC13EAB00583D62 /* ViewFactory.swift */ = {isa = PBXFileReference; lastKnownFileType = sourcecode.swift; path = ViewFactory.swift; sourceTree = "<group>"; };
		71ED40122BBF2AC20099B958 /* FontLiterals.swift */ = {isa = PBXFileReference; lastKnownFileType = sourcecode.swift; path = FontLiterals.swift; sourceTree = "<group>"; };
		71ED40152BBF2C4B0099B958 /* Pretendard-Regular.otf */ = {isa = PBXFileReference; lastKnownFileType = file; path = "Pretendard-Regular.otf"; sourceTree = "<group>"; };
		71ED40162BBF2C4B0099B958 /* Pretendard-ExtraBold.otf */ = {isa = PBXFileReference; lastKnownFileType = file; path = "Pretendard-ExtraBold.otf"; sourceTree = "<group>"; };
		71ED40172BBF2C4B0099B958 /* Pretendard-SemiBold.otf */ = {isa = PBXFileReference; lastKnownFileType = file; path = "Pretendard-SemiBold.otf"; sourceTree = "<group>"; };
		71F12C4D2BB8024000459B44 /* 34th sopt 1th Seminar.app */ = {isa = PBXFileReference; explicitFileType = wrapper.application; includeInIndex = 0; path = "34th sopt 1th Seminar.app"; sourceTree = BUILT_PRODUCTS_DIR; };
		71F12C502BB8024000459B44 /* AppDelegate.swift */ = {isa = PBXFileReference; lastKnownFileType = sourcecode.swift; path = AppDelegate.swift; sourceTree = "<group>"; };
		71F12C522BB8024000459B44 /* SceneDelegate.swift */ = {isa = PBXFileReference; lastKnownFileType = sourcecode.swift; path = SceneDelegate.swift; sourceTree = "<group>"; };
		71F12C542BB8024000459B44 /* ViewController.swift */ = {isa = PBXFileReference; lastKnownFileType = sourcecode.swift; path = ViewController.swift; sourceTree = "<group>"; };
		71F12C592BB8024100459B44 /* Assets.xcassets */ = {isa = PBXFileReference; lastKnownFileType = folder.assetcatalog; path = Assets.xcassets; sourceTree = "<group>"; };
		71F12C5C2BB8024100459B44 /* Base */ = {isa = PBXFileReference; lastKnownFileType = file.storyboard; name = Base; path = Base.lproj/LaunchScreen.storyboard; sourceTree = "<group>"; };
		71F12C5E2BB8024100459B44 /* Info.plist */ = {isa = PBXFileReference; lastKnownFileType = text.plist.xml; path = Info.plist; sourceTree = "<group>"; };
		71F12C652BB8E66500459B44 /* LoginViewController.swift */ = {isa = PBXFileReference; lastKnownFileType = sourcecode.swift; path = LoginViewController.swift; sourceTree = "<group>"; };
		71F12C672BB8E68700459B44 /* WelcomeViewController.swift */ = {isa = PBXFileReference; lastKnownFileType = sourcecode.swift; path = WelcomeViewController.swift; sourceTree = "<group>"; };
		71F12C692BB9797400459B44 /* UIColor+.swift */ = {isa = PBXFileReference; lastKnownFileType = sourcecode.swift; path = "UIColor+.swift"; sourceTree = "<group>"; };
		71F12C6D2BB9846400459B44 /* Pretendard-Bold.otf */ = {isa = PBXFileReference; lastKnownFileType = file; path = "Pretendard-Bold.otf"; sourceTree = "<group>"; };
		71F12C702BBD580B00459B44 /* UIView+.swift */ = {isa = PBXFileReference; lastKnownFileType = sourcecode.swift; path = "UIView+.swift"; sourceTree = "<group>"; };
/* End PBXFileReference section */

/* Begin PBXFrameworksBuildPhase section */
		71F12C4A2BB8024000459B44 /* Frameworks */ = {
			isa = PBXFrameworksBuildPhase;
			buildActionMask = 2147483647;
			files = (
				71A658F72BC11F6E00583D62 /* Then in Frameworks */,
				71A658FA2BC12F4F00583D62 /* SnapKit in Frameworks */,
				71A658FC2BC12F4F00583D62 /* SnapKit-Dynamic in Frameworks */,
			);
			runOnlyForDeploymentPostprocessing = 0;
		};
/* End PBXFrameworksBuildPhase section */

/* Begin PBXGroup section */
		71A658FF2BC13E8B00583D62 /* Factory */ = {
			isa = PBXGroup;
			children = (
				71A659002BC13EAB00583D62 /* ViewFactory.swift */,
			);
			path = Factory;
			sourceTree = "<group>";
		};
		71ED40112BBF2AA30099B958 /* Literals */ = {
			isa = PBXGroup;
			children = (
				71ED40122BBF2AC20099B958 /* FontLiterals.swift */,
			);
			path = Literals;
			sourceTree = "<group>";
		};
		71ED40142BBF2AD90099B958 /* Fonts */ = {
			isa = PBXGroup;
			children = (
				71ED40162BBF2C4B0099B958 /* Pretendard-ExtraBold.otf */,
				71F12C6D2BB9846400459B44 /* Pretendard-Bold.otf */,
				71ED40152BBF2C4B0099B958 /* Pretendard-Regular.otf */,
				71ED40172BBF2C4B0099B958 /* Pretendard-SemiBold.otf */,
			);
			path = Fonts;
			sourceTree = "<group>";
		};
		71F12C442BB8024000459B44 = {
			isa = PBXGroup;
			children = (
				71F12C4F2BB8024000459B44 /* 34th sopt 1th Seminar */,
				71F12C4E2BB8024000459B44 /* Products */,
			);
			sourceTree = "<group>";
		};
		71F12C4E2BB8024000459B44 /* Products */ = {
			isa = PBXGroup;
			children = (
				71F12C4D2BB8024000459B44 /* 34th sopt 1th Seminar.app */,
			);
			name = Products;
			sourceTree = "<group>";
		};
		71F12C4F2BB8024000459B44 /* 34th sopt 1th Seminar */ = {
			isa = PBXGroup;
			children = (
				71A658FF2BC13E8B00583D62 /* Factory */,
				71F12C6B2BB9799200459B44 /* App */,
				71F12C6C2BB97A4200459B44 /* Presentation */,
				71F12C6F2BBD56FF00459B44 /* Resource */,
				71F12C722BBD580F00459B44 /* Extension */,
				71ED40112BBF2AA30099B958 /* Literals */,
				71F12C5E2BB8024100459B44 /* Info.plist */,
			);
			path = "34th sopt 1th Seminar";
			sourceTree = "<group>";
		};
		71F12C6B2BB9799200459B44 /* App */ = {
			isa = PBXGroup;
			children = (
				71F12C502BB8024000459B44 /* AppDelegate.swift */,
				71F12C522BB8024000459B44 /* SceneDelegate.swift */,
				71F12C542BB8024000459B44 /* ViewController.swift */,
				71F12C5B2BB8024100459B44 /* LaunchScreen.storyboard */,
			);
			path = App;
			sourceTree = "<group>";
		};
		71F12C6C2BB97A4200459B44 /* Presentation */ = {
			isa = PBXGroup;
			children = (
				71F12C652BB8E66500459B44 /* LoginViewController.swift */,
				71F12C672BB8E68700459B44 /* WelcomeViewController.swift */,
				71A658FD2BC1324800583D62 /* GridViewController.swift */,
			);
			path = Presentation;
			sourceTree = "<group>";
		};
		71F12C6F2BBD56FF00459B44 /* Resource */ = {
			isa = PBXGroup;
			children = (
				71ED40142BBF2AD90099B958 /* Fonts */,
				71F12C592BB8024100459B44 /* Assets.xcassets */,
			);
			path = Resource;
			sourceTree = "<group>";
		};
		71F12C722BBD580F00459B44 /* Extension */ = {
			isa = PBXGroup;
			children = (
				71F12C692BB9797400459B44 /* UIColor+.swift */,
				71F12C702BBD580B00459B44 /* UIView+.swift */,
			);
			path = Extension;
			sourceTree = "<group>";
		};
/* End PBXGroup section */

/* Begin PBXNativeTarget section */
		71F12C4C2BB8024000459B44 /* 34th sopt 1th Seminar */ = {
			isa = PBXNativeTarget;
			buildConfigurationList = 71F12C612BB8024100459B44 /* Build configuration list for PBXNativeTarget "34th sopt 1th Seminar" */;
			buildPhases = (
				71F12C492BB8024000459B44 /* Sources */,
				71F12C4A2BB8024000459B44 /* Frameworks */,
				71F12C4B2BB8024000459B44 /* Resources */,
			);
			buildRules = (
			);
			dependencies = (
			);
			name = "34th sopt 1th Seminar";
			packageProductDependencies = (
				71A658F62BC11F6E00583D62 /* Then */,
				71A658F92BC12F4F00583D62 /* SnapKit */,
				71A658FB2BC12F4F00583D62 /* SnapKit-Dynamic */,
			);
			productName = "34th sopt 1th Seminar";
			productReference = 71F12C4D2BB8024000459B44 /* 34th sopt 1th Seminar.app */;
			productType = "com.apple.product-type.application";
		};
/* End PBXNativeTarget section */

/* Begin PBXProject section */
		71F12C452BB8024000459B44 /* Project object */ = {
			isa = PBXProject;
			attributes = {
				BuildIndependentTargetsInParallel = 1;
				LastSwiftUpdateCheck = 1500;
				LastUpgradeCheck = 1500;
				TargetAttributes = {
					71F12C4C2BB8024000459B44 = {
						CreatedOnToolsVersion = 15.0;
					};
				};
			};
			buildConfigurationList = 71F12C482BB8024000459B44 /* Build configuration list for PBXProject "34th sopt 1th Seminar" */;
			compatibilityVersion = "Xcode 14.0";
			developmentRegion = en;
			hasScannedForEncodings = 0;
			knownRegions = (
				en,
				Base,
			);
			mainGroup = 71F12C442BB8024000459B44;
			packageReferences = (
				71A658F52BC11F6E00583D62 /* XCRemoteSwiftPackageReference "Then" */,
				71A658F82BC12F4F00583D62 /* XCRemoteSwiftPackageReference "SnapKit" */,
			);
			productRefGroup = 71F12C4E2BB8024000459B44 /* Products */;
			projectDirPath = "";
			projectRoot = "";
			targets = (
				71F12C4C2BB8024000459B44 /* 34th sopt 1th Seminar */,
			);
		};
/* End PBXProject section */

/* Begin PBXResourcesBuildPhase section */
		71F12C4B2BB8024000459B44 /* Resources */ = {
			isa = PBXResourcesBuildPhase;
			buildActionMask = 2147483647;
			files = (
				71F12C5D2BB8024100459B44 /* LaunchScreen.storyboard in Resources */,
				71ED40182BBF2C4B0099B958 /* Pretendard-Regular.otf in Resources */,
				71ED40192BBF2C4B0099B958 /* Pretendard-ExtraBold.otf in Resources */,
				71ED401A2BBF2C4B0099B958 /* Pretendard-SemiBold.otf in Resources */,
				71F12C6E2BB9846500459B44 /* Pretendard-Bold.otf in Resources */,
				71F12C5A2BB8024100459B44 /* Assets.xcassets in Resources */,
			);
			runOnlyForDeploymentPostprocessing = 0;
		};
/* End PBXResourcesBuildPhase section */

/* Begin PBXSourcesBuildPhase section */
		71F12C492BB8024000459B44 /* Sources */ = {
			isa = PBXSourcesBuildPhase;
			buildActionMask = 2147483647;
			files = (
				71F12C662BB8E66500459B44 /* LoginViewController.swift in Sources */,
				71F12C682BB8E68700459B44 /* WelcomeViewController.swift in Sources */,
				71F12C712BBD580B00459B44 /* UIView+.swift in Sources */,
				71F12C552BB8024000459B44 /* ViewController.swift in Sources */,
				71ED40132BBF2AC20099B958 /* FontLiterals.swift in Sources */,
				71F12C512BB8024000459B44 /* AppDelegate.swift in Sources */,
				71F12C532BB8024000459B44 /* SceneDelegate.swift in Sources */,
				71A659012BC13EAB00583D62 /* ViewFactory.swift in Sources */,
				71F12C6A2BB9797400459B44 /* UIColor+.swift in Sources */,
				71A658FE2BC1324800583D62 /* GridViewController.swift in Sources */,
			);
			runOnlyForDeploymentPostprocessing = 0;
		};
/* End PBXSourcesBuildPhase section */

/* Begin PBXVariantGroup section */
		71F12C5B2BB8024100459B44 /* LaunchScreen.storyboard */ = {
			isa = PBXVariantGroup;
			children = (
				71F12C5C2BB8024100459B44 /* Base */,
			);
			name = LaunchScreen.storyboard;
			sourceTree = "<group>";
		};
/* End PBXVariantGroup section */

/* Begin XCBuildConfiguration section */
		71F12C5F2BB8024100459B44 /* Debug */ = {
			isa = XCBuildConfiguration;
			buildSettings = {
				ALWAYS_SEARCH_USER_PATHS = NO;
				ASSETCATALOG_COMPILER_GENERATE_SWIFT_ASSET_SYMBOL_EXTENSIONS = YES;
				CLANG_ANALYZER_NONNULL = YES;
				CLANG_ANALYZER_NUMBER_OBJECT_CONVERSION = YES_AGGRESSIVE;
				CLANG_CXX_LANGUAGE_STANDARD = "gnu++20";
				CLANG_ENABLE_MODULES = YES;
				CLANG_ENABLE_OBJC_ARC = YES;
				CLANG_ENABLE_OBJC_WEAK = YES;
				CLANG_WARN_BLOCK_CAPTURE_AUTORELEASING = YES;
				CLANG_WARN_BOOL_CONVERSION = YES;
				CLANG_WARN_COMMA = YES;
				CLANG_WARN_CONSTANT_CONVERSION = YES;
				CLANG_WARN_DEPRECATED_OBJC_IMPLEMENTATIONS = YES;
				CLANG_WARN_DIRECT_OBJC_ISA_USAGE = YES_ERROR;
				CLANG_WARN_DOCUMENTATION_COMMENTS = YES;
				CLANG_WARN_EMPTY_BODY = YES;
				CLANG_WARN_ENUM_CONVERSION = YES;
				CLANG_WARN_INFINITE_RECURSION = YES;
				CLANG_WARN_INT_CONVERSION = YES;
				CLANG_WARN_NON_LITERAL_NULL_CONVERSION = YES;
				CLANG_WARN_OBJC_IMPLICIT_RETAIN_SELF = YES;
				CLANG_WARN_OBJC_LITERAL_CONVERSION = YES;
				CLANG_WARN_OBJC_ROOT_CLASS = YES_ERROR;
				CLANG_WARN_QUOTED_INCLUDE_IN_FRAMEWORK_HEADER = YES;
				CLANG_WARN_RANGE_LOOP_ANALYSIS = YES;
				CLANG_WARN_STRICT_PROTOTYPES = YES;
				CLANG_WARN_SUSPICIOUS_MOVE = YES;
				CLANG_WARN_UNGUARDED_AVAILABILITY = YES_AGGRESSIVE;
				CLANG_WARN_UNREACHABLE_CODE = YES;
				CLANG_WARN__DUPLICATE_METHOD_MATCH = YES;
				COPY_PHASE_STRIP = NO;
				DEBUG_INFORMATION_FORMAT = dwarf;
				ENABLE_STRICT_OBJC_MSGSEND = YES;
				ENABLE_TESTABILITY = YES;
				ENABLE_USER_SCRIPT_SANDBOXING = YES;
				GCC_C_LANGUAGE_STANDARD = gnu17;
				GCC_DYNAMIC_NO_PIC = NO;
				GCC_NO_COMMON_BLOCKS = YES;
				GCC_OPTIMIZATION_LEVEL = 0;
				GCC_PREPROCESSOR_DEFINITIONS = (
					"DEBUG=1",
					"$(inherited)",
				);
				GCC_WARN_64_TO_32_BIT_CONVERSION = YES;
				GCC_WARN_ABOUT_RETURN_TYPE = YES_ERROR;
				GCC_WARN_UNDECLARED_SELECTOR = YES;
				GCC_WARN_UNINITIALIZED_AUTOS = YES_AGGRESSIVE;
				GCC_WARN_UNUSED_FUNCTION = YES;
				GCC_WARN_UNUSED_VARIABLE = YES;
				IPHONEOS_DEPLOYMENT_TARGET = 17.0;
				LOCALIZATION_PREFERS_STRING_CATALOGS = YES;
				MTL_ENABLE_DEBUG_INFO = INCLUDE_SOURCE;
				MTL_FAST_MATH = YES;
				ONLY_ACTIVE_ARCH = YES;
				SDKROOT = iphoneos;
				SWIFT_ACTIVE_COMPILATION_CONDITIONS = "DEBUG $(inherited)";
				SWIFT_OPTIMIZATION_LEVEL = "-Onone";
			};
			name = Debug;
		};
		71F12C602BB8024100459B44 /* Release */ = {
			isa = XCBuildConfiguration;
			buildSettings = {
				ALWAYS_SEARCH_USER_PATHS = NO;
				ASSETCATALOG_COMPILER_GENERATE_SWIFT_ASSET_SYMBOL_EXTENSIONS = YES;
				CLANG_ANALYZER_NONNULL = YES;
				CLANG_ANALYZER_NUMBER_OBJECT_CONVERSION = YES_AGGRESSIVE;
				CLANG_CXX_LANGUAGE_STANDARD = "gnu++20";
				CLANG_ENABLE_MODULES = YES;
				CLANG_ENABLE_OBJC_ARC = YES;
				CLANG_ENABLE_OBJC_WEAK = YES;
				CLANG_WARN_BLOCK_CAPTURE_AUTORELEASING = YES;
				CLANG_WARN_BOOL_CONVERSION = YES;
				CLANG_WARN_COMMA = YES;
				CLANG_WARN_CONSTANT_CONVERSION = YES;
				CLANG_WARN_DEPRECATED_OBJC_IMPLEMENTATIONS = YES;
				CLANG_WARN_DIRECT_OBJC_ISA_USAGE = YES_ERROR;
				CLANG_WARN_DOCUMENTATION_COMMENTS = YES;
				CLANG_WARN_EMPTY_BODY = YES;
				CLANG_WARN_ENUM_CONVERSION = YES;
				CLANG_WARN_INFINITE_RECURSION = YES;
				CLANG_WARN_INT_CONVERSION = YES;
				CLANG_WARN_NON_LITERAL_NULL_CONVERSION = YES;
				CLANG_WARN_OBJC_IMPLICIT_RETAIN_SELF = YES;
				CLANG_WARN_OBJC_LITERAL_CONVERSION = YES;
				CLANG_WARN_OBJC_ROOT_CLASS = YES_ERROR;
				CLANG_WARN_QUOTED_INCLUDE_IN_FRAMEWORK_HEADER = YES;
				CLANG_WARN_RANGE_LOOP_ANALYSIS = YES;
				CLANG_WARN_STRICT_PROTOTYPES = YES;
				CLANG_WARN_SUSPICIOUS_MOVE = YES;
				CLANG_WARN_UNGUARDED_AVAILABILITY = YES_AGGRESSIVE;
				CLANG_WARN_UNREACHABLE_CODE = YES;
				CLANG_WARN__DUPLICATE_METHOD_MATCH = YES;
				COPY_PHASE_STRIP = NO;
				DEBUG_INFORMATION_FORMAT = "dwarf-with-dsym";
				ENABLE_NS_ASSERTIONS = NO;
				ENABLE_STRICT_OBJC_MSGSEND = YES;
				ENABLE_USER_SCRIPT_SANDBOXING = YES;
				GCC_C_LANGUAGE_STANDARD = gnu17;
				GCC_NO_COMMON_BLOCKS = YES;
				GCC_WARN_64_TO_32_BIT_CONVERSION = YES;
				GCC_WARN_ABOUT_RETURN_TYPE = YES_ERROR;
				GCC_WARN_UNDECLARED_SELECTOR = YES;
				GCC_WARN_UNINITIALIZED_AUTOS = YES_AGGRESSIVE;
				GCC_WARN_UNUSED_FUNCTION = YES;
				GCC_WARN_UNUSED_VARIABLE = YES;
				IPHONEOS_DEPLOYMENT_TARGET = 17.0;
				LOCALIZATION_PREFERS_STRING_CATALOGS = YES;
				MTL_ENABLE_DEBUG_INFO = NO;
				MTL_FAST_MATH = YES;
				SDKROOT = iphoneos;
				SWIFT_COMPILATION_MODE = wholemodule;
				VALIDATE_PRODUCT = YES;
			};
			name = Release;
		};
		71F12C622BB8024100459B44 /* Debug */ = {
			isa = XCBuildConfiguration;
			buildSettings = {
				ASSETCATALOG_COMPILER_APPICON_NAME = AppIcon;
				ASSETCATALOG_COMPILER_GLOBAL_ACCENT_COLOR_NAME = AccentColor;
				CODE_SIGN_STYLE = Automatic;
				CURRENT_PROJECT_VERSION = 1;
				DEVELOPMENT_TEAM = 8Q4H7X3Q58;
				GENERATE_INFOPLIST_FILE = YES;
				INFOPLIST_FILE = "34th sopt 1th Seminar/Info.plist";
				INFOPLIST_KEY_UIApplicationSupportsIndirectInputEvents = YES;
				INFOPLIST_KEY_UILaunchStoryboardName = LaunchScreen;
				INFOPLIST_KEY_UISupportedInterfaceOrientations_iPad = "UIInterfaceOrientationPortrait UIInterfaceOrientationPortraitUpsideDown UIInterfaceOrientationLandscapeLeft UIInterfaceOrientationLandscapeRight";
				INFOPLIST_KEY_UISupportedInterfaceOrientations_iPhone = "UIInterfaceOrientationPortrait UIInterfaceOrientationLandscapeLeft UIInterfaceOrientationLandscapeRight";
				LD_RUNPATH_SEARCH_PATHS = (
					"$(inherited)",
					"@executable_path/Frameworks",
				);
				MARKETING_VERSION = 1.0;
				PRODUCT_BUNDLE_IDENTIFIER = "th1ngjin.-4th-sopt-1th-Seminar";
				PRODUCT_NAME = "$(TARGET_NAME)";
				SWIFT_EMIT_LOC_STRINGS = YES;
				SWIFT_VERSION = 5.0;
				TARGETED_DEVICE_FAMILY = "1,2";
			};
			name = Debug;
		};
		71F12C632BB8024100459B44 /* Release */ = {
			isa = XCBuildConfiguration;
			buildSettings = {
				ASSETCATALOG_COMPILER_APPICON_NAME = AppIcon;
				ASSETCATALOG_COMPILER_GLOBAL_ACCENT_COLOR_NAME = AccentColor;
				CODE_SIGN_STYLE = Automatic;
				CURRENT_PROJECT_VERSION = 1;
				DEVELOPMENT_TEAM = 8Q4H7X3Q58;
				GENERATE_INFOPLIST_FILE = YES;
				INFOPLIST_FILE = "34th sopt 1th Seminar/Info.plist";
				INFOPLIST_KEY_UIApplicationSupportsIndirectInputEvents = YES;
				INFOPLIST_KEY_UILaunchStoryboardName = LaunchScreen;
				INFOPLIST_KEY_UISupportedInterfaceOrientations_iPad = "UIInterfaceOrientationPortrait UIInterfaceOrientationPortraitUpsideDown UIInterfaceOrientationLandscapeLeft UIInterfaceOrientationLandscapeRight";
				INFOPLIST_KEY_UISupportedInterfaceOrientations_iPhone = "UIInterfaceOrientationPortrait UIInterfaceOrientationLandscapeLeft UIInterfaceOrientationLandscapeRight";
				LD_RUNPATH_SEARCH_PATHS = (
					"$(inherited)",
					"@executable_path/Frameworks",
				);
				MARKETING_VERSION = 1.0;
				PRODUCT_BUNDLE_IDENTIFIER = "th1ngjin.-4th-sopt-1th-Seminar";
				PRODUCT_NAME = "$(TARGET_NAME)";
				SWIFT_EMIT_LOC_STRINGS = YES;
				SWIFT_VERSION = 5.0;
				TARGETED_DEVICE_FAMILY = "1,2";
			};
			name = Release;
		};
/* End XCBuildConfiguration section */

/* Begin XCConfigurationList section */
		71F12C482BB8024000459B44 /* Build configuration list for PBXProject "34th sopt 1th Seminar" */ = {
			isa = XCConfigurationList;
			buildConfigurations = (
				71F12C5F2BB8024100459B44 /* Debug */,
				71F12C602BB8024100459B44 /* Release */,
			);
			defaultConfigurationIsVisible = 0;
			defaultConfigurationName = Release;
		};
		71F12C612BB8024100459B44 /* Build configuration list for PBXNativeTarget "34th sopt 1th Seminar" */ = {
			isa = XCConfigurationList;
			buildConfigurations = (
				71F12C622BB8024100459B44 /* Debug */,
				71F12C632BB8024100459B44 /* Release */,
			);
			defaultConfigurationIsVisible = 0;
			defaultConfigurationName = Release;
		};
/* End XCConfigurationList section */

/* Begin XCRemoteSwiftPackageReference section */
		71A658F52BC11F6E00583D62 /* XCRemoteSwiftPackageReference "Then" */ = {
			isa = XCRemoteSwiftPackageReference;
			repositoryURL = "https://github.com/devxoul/Then";
			requirement = {
				kind = upToNextMajorVersion;
				minimumVersion = 3.0.0;
			};
		};
		71A658F82BC12F4F00583D62 /* XCRemoteSwiftPackageReference "SnapKit" */ = {
			isa = XCRemoteSwiftPackageReference;
			repositoryURL = "https://github.com/SnapKit/SnapKit.git";
			requirement = {
				kind = upToNextMajorVersion;
				minimumVersion = 5.7.1;
			};
		};
/* End XCRemoteSwiftPackageReference section */

/* Begin XCSwiftPackageProductDependency section */
		71A658F62BC11F6E00583D62 /* Then */ = {
			isa = XCSwiftPackageProductDependency;
			package = 71A658F52BC11F6E00583D62 /* XCRemoteSwiftPackageReference "Then" */;
			productName = Then;
		};
		71A658F92BC12F4F00583D62 /* SnapKit */ = {
			isa = XCSwiftPackageProductDependency;
			package = 71A658F82BC12F4F00583D62 /* XCRemoteSwiftPackageReference "SnapKit" */;
			productName = SnapKit;
		};
		71A658FB2BC12F4F00583D62 /* SnapKit-Dynamic */ = {
			isa = XCSwiftPackageProductDependency;
			package = 71A658F82BC12F4F00583D62 /* XCRemoteSwiftPackageReference "SnapKit" */;
			productName = "SnapKit-Dynamic";
		};
/* End XCSwiftPackageProductDependency section */
	};
	rootObject = 71F12C452BB8024000459B44 /* Project object */;
}
